
Microsoft Visual Studio Solution File, Format Version 12.00
# Visual Studio Version 17
VisualStudioVersion = 17.9.34728.123
MinimumVisualStudioVersion = 10.0.40219.1
Project("{FAE04EC0-301F-11D3-BF4B-00C04F79EFBC}") = "SorokChatServer", "SorokChatServer\SorokChatServer.csproj", "{567E03C3-DD4A-4895-9D38-ED22BF78CA5F}"
EndProject
Global
	GlobalSection(SolutionConfigurationPlatforms) = preSolution
		Debug|Any CPU = Debug|Any CPU
		Release|Any CPU = Release|Any CPU
	EndGlobalSection
	GlobalSection(ProjectConfigurationPlatforms) = postSolution
		{567E03C3-DD4A-4895-9D38-ED22BF78CA5F}.Debug|Any CPU.ActiveCfg = Debug|Any CPU
		{567E03C3-DD4A-4895-9D38-ED22BF78CA5F}.Debug|Any CPU.Build.0 = Debug|Any CPU
		{567E03C3-DD4A-4895-9D38-ED22BF78CA5F}.Release|Any CPU.ActiveCfg = Release|Any CPU
		{567E03C3-DD4A-4895-9D38-ED22BF78CA5F}.Release|Any CPU.Build.0 = Release|Any CPU
	EndGlobalSection
	GlobalSection(SolutionProperties) = preSolution
		HideSolutionNode = FALSE
	EndGlobalSection
	GlobalSection(ExtensibilityGlobals) = postSolution
		SolutionGuid = {38CE74ED-CB48-4A28-B8DB-AEC2EA0A7EAC}
	EndGlobalSection
EndGlobal
